%{"connection": {:hex, :connection, "1.0.2"},
  "cowboy": {:hex, :cowboy, "1.0.4"},
  "cowlib": {:hex, :cowlib, "1.0.2"},
  "db_connection": {:hex, :db_connection, "0.2.5"},
  "decimal": {:hex, :decimal, "1.1.2"},
  "ecto": {:hex, :ecto, "2.0.0-rc.4"},
  "entice_entity": {:git, "https://github.com/entice/entity.git", "c26f6f77ae650e25e6cd2ffea8aae46b7d83966a", [ref: "c26f6f77ae650e25e6cd2ffea8aae46b7d83966a"]},
  "entice_logic": {:git, "https://github.com/entice/logic.git", "e3a833c9197edbdb6c43ebffb02a2705ca13bad3", [ref: "e3a833c9197edbdb6c43ebffb02a2705ca13bad3"]},
  "entice_utils": {:git, "https://github.com/entice/utils.git", "79ead4dca77324b4c24f584468edbaff2029eeab", [ref: "79ead4dca77324b4c24f584468edbaff2029eeab"]},
  "fs": {:hex, :fs, "0.9.2"},
  "gettext": {:hex, :gettext, "0.11.0"},
  "inflex": {:hex, :inflex, "1.5.0"},
  "phoenix": {:hex, :phoenix, "1.2.0-rc.0"},
  "phoenix_ecto": {:hex, :phoenix_ecto, "3.0.0-rc.0"},
  "phoenix_html": {:hex, :phoenix_html, "2.5.1"},
  "phoenix_live_reload": {:hex, :phoenix_live_reload, "1.0.5"},
  "phoenix_pubsub": {:hex, :phoenix_pubsub, "1.0.0-rc.0"},
  "pipe": {:hex, :pipe, "0.0.2"},
  "plug": {:hex, :plug, "1.1.4"},
  "poison": {:hex, :poison, "2.1.0"},
  "poolboy": {:hex, :poolboy, "1.5.1"},
  "postgrex": {:hex, :postgrex, "0.11.1"},
  "ranch": {:hex, :ranch, "1.2.1"},
  "uuid": {:hex, :uuid, "1.1.3"}}
