%{"cowboy": {:hex, :cowboy, "1.0.3"},
  "cowlib": {:hex, :cowlib, "1.0.1"},
  "decimal": {:hex, :decimal, "1.1.0"},
  "ecto": {:hex, :ecto, "1.0.4"},
  "entice_entity": {:git, "https://github.com/entice/entity.git", "d69c8bd0a73f7c1b32cbecca4824fada46f6302f", [ref: "d69c8bd0a73f7c1b32cbecca4824fada46f6302f"]},
  "entice_logic": {:git, "https://github.com/entice/logic.git", "342a248ed2c27060a2f885221913704c940841cb", [ref: "342a248ed2c27060a2f885221913704c940841cb"]},
  "entice_utils": {:git, "https://github.com/entice/utils.git", "74ce9f8a2e2fd7766263e193bffba4901aa425a8", [ref: "74ce9f8a2e2fd7766263e193bffba4901aa425a8"]},
  "fs": {:hex, :fs, "0.9.2"},
  "inflex": {:hex, :inflex, "1.5.0"},
  "phoenix": {:hex, :phoenix, "1.0.3"},
  "phoenix_ecto": {:hex, :phoenix_ecto, "1.2.0"},
  "phoenix_html": {:hex, :phoenix_html, "2.2.0"},
  "phoenix_live_reload": {:hex, :phoenix_live_reload, "1.0.1"},
  "pipe": {:hex, :pipe, "0.0.2"},
  "plug": {:hex, :plug, "1.0.2"},
  "poison": {:hex, :poison, "1.5.0"},
  "poolboy": {:hex, :poolboy, "1.5.1"},
  "postgrex": {:hex, :postgrex, "0.9.1"},
  "ranch": {:hex, :ranch, "1.1.0"},
  "uuid": {:hex, :uuid, "1.0.1"}}
